{
    "_readme": [
        "This file locks the dependencies of your project to a known state",
        "Read more about it at https://getcomposer.org/doc/01-basic-usage.md#installing-dependencies",
        "This file is @generated automatically"
    ],
    "content-hash": "9a643ed5f1a7cd9e70a17cea066b0f1c",
    "packages": [
        {
            "name": "ekowabaka/clearice",
            "version": "v3.0.2",
            "source": {
                "type": "git",
                "url": "https://github.com/ekowabaka/clearice.git",
                "reference": "8762c8a75e62df5c1a5505f2c78d6809ab5b3658"
            },
            "dist": {
                "type": "zip",
                "url": "https://api.github.com/repos/ekowabaka/clearice/zipball/8762c8a75e62df5c1a5505f2c78d6809ab5b3658",
                "reference": "8762c8a75e62df5c1a5505f2c78d6809ab5b3658",
                "shasum": ""
            },
            "require": {
                "php": ">=7.1"
            },
            "require-dev": {
                "mikey179/vfsstream": "@stable",
                "phpunit/phpunit": "@stable"
            },
            "type": "library",
            "autoload": {
                "psr-4": {
                    "clearice\\": "src/",
                    "clearice\\tests\\": "tests/"
                }
            },
            "notification-url": "https://packagist.org/downloads/",
            "license": [
                "MIT"
            ],
            "authors": [
                {
                    "name": "James Ekow Abaka Ainooson",
                    "email": "jainooson@gmail.com",
                    "homepage": "http://ekowabaka.me"
                }
            ],
            "description": "A tool to help in the building of CLI apps. Provides command line parsing and simple console I/O interfaces.",
            "time": "2019-03-24T13:49:18+00:00"
        },
        {
            "name": "monolog/monolog",
            "version": "2.0.2",
            "source": {
                "type": "git",
                "url": "https://github.com/Seldaek/monolog.git",
                "reference": "c861fcba2ca29404dc9e617eedd9eff4616986b8"
            },
            "dist": {
                "type": "zip",
                "url": "https://api.github.com/repos/Seldaek/monolog/zipball/c861fcba2ca29404dc9e617eedd9eff4616986b8",
                "reference": "c861fcba2ca29404dc9e617eedd9eff4616986b8",
                "shasum": ""
            },
            "require": {
                "php": "^7.2",
                "psr/log": "^1.0.1"
            },
            "provide": {
                "psr/log-implementation": "1.0.0"
            },
            "require-dev": {
                "aws/aws-sdk-php": "^2.4.9 || ^3.0",
                "doctrine/couchdb": "~1.0@dev",
                "elasticsearch/elasticsearch": "^6.0",
                "graylog2/gelf-php": "^1.4.2",
                "jakub-onderka/php-parallel-lint": "^0.9",
                "php-amqplib/php-amqplib": "~2.4",
                "php-console/php-console": "^3.1.3",
                "phpspec/prophecy": "^1.6.1",
                "phpunit/phpunit": "^8.3",
                "predis/predis": "^1.1",
                "rollbar/rollbar": "^1.3",
                "ruflin/elastica": ">=0.90 <3.0",
                "swiftmailer/swiftmailer": "^5.3|^6.0"
            },
            "suggest": {
                "aws/aws-sdk-php": "Allow sending log messages to AWS services like DynamoDB",
                "doctrine/couchdb": "Allow sending log messages to a CouchDB server",
                "elasticsearch/elasticsearch": "Allow sending log messages to an Elasticsearch server via official client",
                "ext-amqp": "Allow sending log messages to an AMQP server (1.0+ required)",
                "ext-mbstring": "Allow to work properly with unicode symbols",
                "ext-mongodb": "Allow sending log messages to a MongoDB server (via driver)",
                "graylog2/gelf-php": "Allow sending log messages to a GrayLog2 server",
                "mongodb/mongodb": "Allow sending log messages to a MongoDB server (via library)",
                "php-amqplib/php-amqplib": "Allow sending log messages to an AMQP server using php-amqplib",
                "php-console/php-console": "Allow sending log messages to Google Chrome",
                "rollbar/rollbar": "Allow sending log messages to Rollbar",
                "ruflin/elastica": "Allow sending log messages to an Elastic Search server"
            },
            "type": "library",
            "extra": {
                "branch-alias": {
                    "dev-master": "2.x-dev"
                }
            },
            "autoload": {
                "psr-4": {
                    "Monolog\\": "src/Monolog"
                }
            },
            "notification-url": "https://packagist.org/downloads/",
            "license": [
                "MIT"
            ],
            "authors": [
                {
                    "name": "Jordi Boggiano",
                    "email": "j.boggiano@seld.be",
                    "homepage": "http://seld.be"
                }
            ],
            "description": "Sends your logs to files, sockets, inboxes, databases and various web services",
            "homepage": "http://github.com/Seldaek/monolog",
            "keywords": [
                "log",
                "logging",
                "psr-3"
            ],
            "time": "2019-12-20T14:22:59+00:00"
        },
        {
            "name": "ntentan/config",
            "version": "v0.4.2",
            "source": {
                "type": "git",
                "url": "https://github.com/ntentan/config.git",
                "reference": "b7998cbf61475942990cd873bc1dedd6439a0ab5"
            },
            "dist": {
                "type": "zip",
                "url": "https://api.github.com/repos/ntentan/config/zipball/b7998cbf61475942990cd873bc1dedd6439a0ab5",
                "reference": "b7998cbf61475942990cd873bc1dedd6439a0ab5",
                "shasum": ""
            },
            "require-dev": {
                "phpunit/phpunit": "@stable"
            },
            "type": "library",
            "autoload": {
                "psr-4": {
                    "ntentan\\config\\": "src/",
                    "ntentan\\config\\tests\\": "tests/"
                }
            },
            "notification-url": "https://packagist.org/downloads/",
            "license": [
                "MIT"
            ],
            "authors": [
                {
                    "name": "Ekow Abaka Ainooson",
                    "email": "jainooson@gmail.com"
                }
            ],
            "description": "Configurations manager for ntentan",
            "time": "2017-09-17T14:10:38+00:00"
        },
        {
            "name": "ntentan/panie",
            "version": "v0.7.0",
            "source": {
                "type": "git",
                "url": "https://github.com/ntentan/panie.git",
                "reference": "cd014373566ff6b9c260cf4da315e56120dd740b"
            },
            "dist": {
                "type": "zip",
                "url": "https://api.github.com/repos/ntentan/panie/zipball/cd014373566ff6b9c260cf4da315e56120dd740b",
                "reference": "cd014373566ff6b9c260cf4da315e56120dd740b",
                "shasum": ""
            },
            "require": {
                "php": ">=7.1",
                "psr/container": "^1.0"
            },
            "require-dev": {
                "phpunit/phpunit": "@stable"
            },
            "type": "library",
            "autoload": {
                "psr-4": {
                    "ntentan\\panie\\": "src/",
                    "ntentan\\panie\\tests\\": "tests/"
                }
            },
            "notification-url": "https://packagist.org/downloads/",
            "license": [
                "MIT"
            ],
            "authors": [
                {
                    "name": "James Ekow Abaka Ainooson",
                    "email": "jainooson@gmail.com"
                }
            ],
            "description": "A thin DI container for NtentanFX",
            "time": "2018-12-03T02:49:40+00:00"
        },
        {
            "name": "ntentan/utils",
            "version": "v0.10.0",
            "source": {
                "type": "git",
                "url": "https://github.com/ntentan/utils.git",
                "reference": "1c81a26c8c61d2da09bcb4d0eb33c7bb5774b9fd"
            },
            "dist": {
                "type": "zip",
                "url": "https://api.github.com/repos/ntentan/utils/zipball/1c81a26c8c61d2da09bcb4d0eb33c7bb5774b9fd",
                "reference": "1c81a26c8c61d2da09bcb4d0eb33c7bb5774b9fd",
                "shasum": ""
            },
            "require-dev": {
                "mikey179/vfsstream": "@stable",
                "php-mock/php-mock-phpunit": "^2",
                "phpunit/phpunit": "@stable"
            },
            "type": "library",
            "autoload": {
                "psr-4": {
                    "ntentan\\utils\\": "src/",
                    "ntentan\\utils\\tests\\": "tests/"
                }
            },
            "notification-url": "https://packagist.org/downloads/",
            "license": [
                "MIT"
            ],
            "authors": [
                {
                    "name": "Ekow Abaka Ainooson",
                    "email": "jainooson@gmail.com"
                }
            ],
            "description": "Common utility functions shared accross the ntentan framework.",
            "time": "2020-02-25T08:18:51+00:00"
        },
        {
            "name": "predis/predis",
            "version": "v1.1.1",
            "source": {
                "type": "git",
                "url": "https://github.com/nrk/predis.git",
                "reference": "f0210e38881631afeafb56ab43405a92cafd9fd1"
            },
            "dist": {
                "type": "zip",
                "url": "https://api.github.com/repos/nrk/predis/zipball/f0210e38881631afeafb56ab43405a92cafd9fd1",
                "reference": "f0210e38881631afeafb56ab43405a92cafd9fd1",
                "shasum": ""
            },
            "require": {
                "php": ">=5.3.9"
            },
            "require-dev": {
                "phpunit/phpunit": "~4.8"
            },
            "suggest": {
                "ext-curl": "Allows access to Webdis when paired with phpiredis",
                "ext-phpiredis": "Allows faster serialization and deserialization of the Redis protocol"
            },
            "type": "library",
            "autoload": {
                "psr-4": {
                    "Predis\\": "src/"
                }
            },
            "notification-url": "https://packagist.org/downloads/",
            "license": [
                "MIT"
            ],
            "authors": [
                {
                    "name": "Daniele Alessandri",
                    "email": "suppakilla@gmail.com",
                    "homepage": "http://clorophilla.net"
                }
            ],
            "description": "Flexible and feature-complete Redis client for PHP and HHVM",
            "homepage": "http://github.com/nrk/predis",
            "keywords": [
                "nosql",
                "predis",
                "redis"
            ],
            "time": "2016-06-16T16:22:20+00:00"
        },
        {
            "name": "psr/container",
            "version": "1.0.0",
            "source": {
                "type": "git",
                "url": "https://github.com/php-fig/container.git",
                "reference": "b7ce3b176482dbbc1245ebf52b181af44c2cf55f"
            },
            "dist": {
                "type": "zip",
                "url": "https://api.github.com/repos/php-fig/container/zipball/b7ce3b176482dbbc1245ebf52b181af44c2cf55f",
                "reference": "b7ce3b176482dbbc1245ebf52b181af44c2cf55f",
                "shasum": ""
            },
            "require": {
                "php": ">=5.3.0"
            },
            "type": "library",
            "extra": {
                "branch-alias": {
                    "dev-master": "1.0.x-dev"
                }
            },
            "autoload": {
                "psr-4": {
                    "Psr\\Container\\": "src/"
                }
            },
            "notification-url": "https://packagist.org/downloads/",
            "license": [
                "MIT"
            ],
            "authors": [
                {
                    "name": "PHP-FIG",
                    "homepage": "http://www.php-fig.org/"
                }
            ],
            "description": "Common Container Interface (PHP FIG PSR-11)",
            "homepage": "https://github.com/php-fig/container",
            "keywords": [
                "PSR-11",
                "container",
                "container-interface",
                "container-interop",
                "psr"
            ],
            "time": "2017-02-14T16:28:37+00:00"
        },
        {
            "name": "psr/log",
            "version": "1.1.2",
            "source": {
                "type": "git",
                "url": "https://github.com/php-fig/log.git",
                "reference": "446d54b4cb6bf489fc9d75f55843658e6f25d801"
            },
            "dist": {
                "type": "zip",
                "url": "https://api.github.com/repos/php-fig/log/zipball/446d54b4cb6bf489fc9d75f55843658e6f25d801",
                "reference": "446d54b4cb6bf489fc9d75f55843658e6f25d801",
                "shasum": ""
            },
            "require": {
                "php": ">=5.3.0"
            },
            "type": "library",
            "extra": {
                "branch-alias": {
                    "dev-master": "1.1.x-dev"
                }
            },
            "autoload": {
                "psr-4": {
                    "Psr\\Log\\": "Psr/Log/"
                }
            },
            "notification-url": "https://packagist.org/downloads/",
            "license": [
                "MIT"
            ],
            "authors": [
                {
                    "name": "PHP-FIG",
                    "homepage": "http://www.php-fig.org/"
                }
            ],
            "description": "Common interface for logging libraries",
            "homepage": "https://github.com/php-fig/log",
            "keywords": [
                "log",
                "psr",
                "psr-3"
            ],
            "time": "2019-11-01T11:05:21+00:00"
        }
    ],
    "packages-dev": [],
    "aliases": [],
    "minimum-stability": "stable",
    "stability-flags": {
        "ekowabaka/clearice": 0,
        "ntentan/config": 0,
        "ntentan/utils": 0,
        "predis/predis": 0,
        "monolog/monolog": 0,
        "ntentan/panie": 0
    },
    "prefer-stable": false,
    "prefer-lowest": false,
    "platform": [],
    "platform-dev": []
}
